
Microsoft Visual Studio Solution File, Format Version 12.00
# Visual Studio Version 17
VisualStudioVersion = 17.14.36603.0 d17.14
MinimumVisualStudioVersion = 10.0.40219.1
Project("{FAE04EC0-301F-11D3-BF4B-00C04F79EFBC}") = "SmartExamSystem", "SmartExamSystem\SmartExamSystem.csproj", "{F8A75AA3-5F2D-4DE9-BB6A-4360346142D7}"
EndProject
Global
	GlobalSection(SolutionConfigurationPlatforms) = preSolution
		Debug|Any CPU = Debug|Any CPU
		Release|Any CPU = Release|Any CPU
	EndGlobalSection
	GlobalSection(ProjectConfigurationPlatforms) = postSolution
		{F8A75AA3-5F2D-4DE9-BB6A-4360346142D7}.Debug|Any CPU.ActiveCfg = Debug|Any CPU
		{F8A75AA3-5F2D-4DE9-BB6A-4360346142D7}.Debug|Any CPU.Build.0 = Debug|Any CPU
		{F8A75AA3-5F2D-4DE9-BB6A-4360346142D7}.Release|Any CPU.ActiveCfg = Release|Any CPU
		{F8A75AA3-5F2D-4DE9-BB6A-4360346142D7}.Release|Any CPU.Build.0 = Release|Any CPU
	EndGlobalSection
	GlobalSection(SolutionProperties) = preSolution
		HideSolutionNode = FALSE
	EndGlobalSection
	GlobalSection(ExtensibilityGlobals) = postSolution
		SolutionGuid = {CB736AD5-A587-46E2-A9BF-E4D2B13347D6}
	EndGlobalSection
EndGlobal
